
Microsoft Visual Studio Solution File, Format Version 12.00
# Visual Studio Version 17
VisualStudioVersion = 17.7.34202.233
MinimumVisualStudioVersion = 10.0.40219.1
Project("{FAE04EC0-301F-11D3-BF4B-00C04F79EFBC}") = "TRPO", "TRPO\TRPO.csproj", "{0D6B0513-ED34-4168-BFE8-6A94B6342258}"
EndProject
Global
	GlobalSection(SolutionConfigurationPlatforms) = preSolution
		Debug|Any CPU = Debug|Any CPU
		Release|Any CPU = Release|Any CPU
	EndGlobalSection
	GlobalSection(ProjectConfigurationPlatforms) = postSolution
		{0D6B0513-ED34-4168-BFE8-6A94B6342258}.Debug|Any CPU.ActiveCfg = Debug|Any CPU
		{0D6B0513-ED34-4168-BFE8-6A94B6342258}.Debug|Any CPU.Build.0 = Debug|Any CPU
		{0D6B0513-ED34-4168-BFE8-6A94B6342258}.Release|Any CPU.ActiveCfg = Release|Any CPU
		{0D6B0513-ED34-4168-BFE8-6A94B6342258}.Release|Any CPU.Build.0 = Release|Any CPU
	EndGlobalSection
	GlobalSection(SolutionProperties) = preSolution
		HideSolutionNode = FALSE
	EndGlobalSection
	GlobalSection(ExtensibilityGlobals) = postSolution
		SolutionGuid = {08FB7584-8B53-4F5F-B9FE-95511F18AC33}
	EndGlobalSection
EndGlobal
